// !$*UTF8*$!
{
	archiveVersion = 1;
	classes = {
	};
	objectVersion = 50;
	objects = {

/* Begin PBXBuildFile section */
		03050A94207532E700B7756B /* AppDelegate.swift in Sources */ = {isa = PBXBuildFile; fileRef = 03050A93207532E700B7756B /* AppDelegate.swift */; };
		03050A99207532E700B7756B /* Main.storyboard in Resources */ = {isa = PBXBuildFile; fileRef = 03050A97207532E700B7756B /* Main.storyboard */; };
		03050A9B207532E900B7756B /* Assets.xcassets in Resources */ = {isa = PBXBuildFile; fileRef = 03050A9A207532E900B7756B /* Assets.xcassets */; };
		03050A9E207532E900B7756B /* LaunchScreen.storyboard in Resources */ = {isa = PBXBuildFile; fileRef = 03050A9C207532E900B7756B /* LaunchScreen.storyboard */; };
		03050AA9207532E900B7756B /* iOS_w1Tests.swift in Sources */ = {isa = PBXBuildFile; fileRef = 03050AA8207532E900B7756B /* iOS_w1Tests.swift */; };
		03050AB4207532E900B7756B /* iOS_w1UITests.swift in Sources */ = {isa = PBXBuildFile; fileRef = 03050AB3207532E900B7756B /* iOS_w1UITests.swift */; };
		03050AC22075332900B7756B /* Persoon.swift in Sources */ = {isa = PBXBuildFile; fileRef = 03050AC12075332900B7756B /* Persoon.swift */; };
		03050AC6207BCEFB00B7756B /* TableViewController.swift in Sources */ = {isa = PBXBuildFile; fileRef = 03050AC5207BCEFB00B7756B /* TableViewController.swift */; };
		03050ACE207CE9B700B7756B /* PersoonViewController.swift in Sources */ = {isa = PBXBuildFile; fileRef = 03050ACD207CE9B700B7756B /* PersoonViewController.swift */; };
		03050AD1207CF23700B7756B /* MapKit.framework in Frameworks */ = {isa = PBXBuildFile; fileRef = 03050AD0207CF23700B7756B /* MapKit.framework */; };
		03050AD3207D120800B7756B /* Adres.swift in Sources */ = {isa = PBXBuildFile; fileRef = 03050AD2207D120800B7756B /* Adres.swift */; };
		03050AD5207D23BD00B7756B /* MyAnnotation.swift in Sources */ = {isa = PBXBuildFile; fileRef = 03050AD4207D23BD00B7756B /* MyAnnotation.swift */; };
		035E950720878FCF00208BCD /* ImageViewController.swift in Sources */ = {isa = PBXBuildFile; fileRef = 035E950620878FCF00208BCD /* ImageViewController.swift */; };
		03677E53209356510061CD1B /* toonIedereenVC.swift in Sources */ = {isa = PBXBuildFile; fileRef = 03677E52209356510061CD1B /* toonIedereenVC.swift */; };
/* End PBXBuildFile section */

/* Begin PBXContainerItemProxy section */
		03050AA5207532E900B7756B /* PBXContainerItemProxy */ = {
			isa = PBXContainerItemProxy;
			containerPortal = 03050A88207532E700B7756B /* Project object */;
			proxyType = 1;
			remoteGlobalIDString = 03050A8F207532E700B7756B;
			remoteInfo = iOS_w1;
		};
		03050AB0207532E900B7756B /* PBXContainerItemProxy */ = {
			isa = PBXContainerItemProxy;
			containerPortal = 03050A88207532E700B7756B /* Project object */;
			proxyType = 1;
			remoteGlobalIDString = 03050A8F207532E700B7756B;
			remoteInfo = iOS_w1;
		};
/* End PBXContainerItemProxy section */

/* Begin PBXFileReference section */
		03050A90207532E700B7756B /* iOS_w1.app */ = {isa = PBXFileReference; explicitFileType = wrapper.application; includeInIndex = 0; path = iOS_w1.app; sourceTree = BUILT_PRODUCTS_DIR; };
		03050A93207532E700B7756B /* AppDelegate.swift */ = {isa = PBXFileReference; lastKnownFileType = sourcecode.swift; path = AppDelegate.swift; sourceTree = "<group>"; };
		03050A98207532E700B7756B /* Base */ = {isa = PBXFileReference; lastKnownFileType = file.storyboard; name = Base; path = Base.lproj/Main.storyboard; sourceTree = "<group>"; };
		03050A9A207532E900B7756B /* Assets.xcassets */ = {isa = PBXFileReference; lastKnownFileType = folder.assetcatalog; path = Assets.xcassets; sourceTree = "<group>"; };
		03050A9D207532E900B7756B /* Base */ = {isa = PBXFileReference; lastKnownFileType = file.storyboard; name = Base; path = Base.lproj/LaunchScreen.storyboard; sourceTree = "<group>"; };
		03050A9F207532E900B7756B /* Info.plist */ = {isa = PBXFileReference; lastKnownFileType = text.plist.xml; path = Info.plist; sourceTree = "<group>"; };
		03050AA4207532E900B7756B /* iOS_w1Tests.xctest */ = {isa = PBXFileReference; explicitFileType = wrapper.cfbundle; includeInIndex = 0; path = iOS_w1Tests.xctest; sourceTree = BUILT_PRODUCTS_DIR; };
		03050AA8207532E900B7756B /* iOS_w1Tests.swift */ = {isa = PBXFileReference; lastKnownFileType = sourcecode.swift; path = iOS_w1Tests.swift; sourceTree = "<group>"; };
		03050AAA207532E900B7756B /* Info.plist */ = {isa = PBXFileReference; lastKnownFileType = text.plist.xml; path = Info.plist; sourceTree = "<group>"; };
		03050AAF207532E900B7756B /* iOS_w1UITests.xctest */ = {isa = PBXFileReference; explicitFileType = wrapper.cfbundle; includeInIndex = 0; path = iOS_w1UITests.xctest; sourceTree = BUILT_PRODUCTS_DIR; };
		03050AB3207532E900B7756B /* iOS_w1UITests.swift */ = {isa = PBXFileReference; lastKnownFileType = sourcecode.swift; path = iOS_w1UITests.swift; sourceTree = "<group>"; };
		03050AB5207532E900B7756B /* Info.plist */ = {isa = PBXFileReference; lastKnownFileType = text.plist.xml; path = Info.plist; sourceTree = "<group>"; };
		03050AC12075332900B7756B /* Persoon.swift */ = {isa = PBXFileReference; lastKnownFileType = sourcecode.swift; path = Persoon.swift; sourceTree = "<group>"; };
		03050AC5207BCEFB00B7756B /* TableViewController.swift */ = {isa = PBXFileReference; lastKnownFileType = sourcecode.swift; path = TableViewController.swift; sourceTree = "<group>"; };
		03050ACD207CE9B700B7756B /* PersoonViewController.swift */ = {isa = PBXFileReference; lastKnownFileType = sourcecode.swift; path = PersoonViewController.swift; sourceTree = "<group>"; };
		03050AD0207CF23700B7756B /* MapKit.framework */ = {isa = PBXFileReference; lastKnownFileType = wrapper.framework; name = MapKit.framework; path = System/Library/Frameworks/MapKit.framework; sourceTree = SDKROOT; };
		03050AD2207D120800B7756B /* Adres.swift */ = {isa = PBXFileReference; lastKnownFileType = sourcecode.swift; path = Adres.swift; sourceTree = "<group>"; };
		03050AD4207D23BD00B7756B /* MyAnnotation.swift */ = {isa = PBXFileReference; lastKnownFileType = sourcecode.swift; path = MyAnnotation.swift; sourceTree = "<group>"; };
		035E950620878FCF00208BCD /* ImageViewController.swift */ = {isa = PBXFileReference; lastKnownFileType = sourcecode.swift; path = ImageViewController.swift; sourceTree = "<group>"; };
		03677E52209356510061CD1B /* toonIedereenVC.swift */ = {isa = PBXFileReference; lastKnownFileType = sourcecode.swift; path = toonIedereenVC.swift; sourceTree = "<group>"; };
/* End PBXFileReference section */

/* Begin PBXFrameworksBuildPhase section */
		03050A8D207532E700B7756B /* Frameworks */ = {
			isa = PBXFrameworksBuildPhase;
			buildActionMask = 2147483647;
			files = (
				03050AD1207CF23700B7756B /* MapKit.framework in Frameworks */,
			);
			runOnlyForDeploymentPostprocessing = 0;
		};
		03050AA1207532E900B7756B /* Frameworks */ = {
			isa = PBXFrameworksBuildPhase;
			buildActionMask = 2147483647;
			files = (
			);
			runOnlyForDeploymentPostprocessing = 0;
		};
		03050AAC207532E900B7756B /* Frameworks */ = {
			isa = PBXFrameworksBuildPhase;
			buildActionMask = 2147483647;
			files = (
			);
			runOnlyForDeploymentPostprocessing = 0;
		};
/* End PBXFrameworksBuildPhase section */

/* Begin PBXGroup section */
		03050A87207532E700B7756B = {
			isa = PBXGroup;
			children = (
				03050A92207532E700B7756B /* iOS_w1 */,
				03050AA7207532E900B7756B /* iOS_w1Tests */,
				03050AB2207532E900B7756B /* iOS_w1UITests */,
				03050A91207532E700B7756B /* Products */,
				03050ACF207CF23700B7756B /* Frameworks */,
			);
			sourceTree = "<group>";
		};
		03050A91207532E700B7756B /* Products */ = {
			isa = PBXGroup;
			children = (
				03050A90207532E700B7756B /* iOS_w1.app */,
				03050AA4207532E900B7756B /* iOS_w1Tests.xctest */,
				03050AAF207532E900B7756B /* iOS_w1UITests.xctest */,
			);
			name = Products;
			sourceTree = "<group>";
		};
		03050A92207532E700B7756B /* iOS_w1 */ = {
			isa = PBXGroup;
			children = (
				03050A93207532E700B7756B /* AppDelegate.swift */,
				03050A97207532E700B7756B /* Main.storyboard */,
				03050A9A207532E900B7756B /* Assets.xcassets */,
				03050A9C207532E900B7756B /* LaunchScreen.storyboard */,
				03050A9F207532E900B7756B /* Info.plist */,
				03050AC12075332900B7756B /* Persoon.swift */,
				03050AC5207BCEFB00B7756B /* TableViewController.swift */,
				035E950620878FCF00208BCD /* ImageViewController.swift */,
				03050ACD207CE9B700B7756B /* PersoonViewController.swift */,
				03050AD2207D120800B7756B /* Adres.swift */,
				03050AD4207D23BD00B7756B /* MyAnnotation.swift */,
				03677E52209356510061CD1B /* toonIedereenVC.swift */,
			);
			path = iOS_w1;
			sourceTree = "<group>";
		};
		03050AA7207532E900B7756B /* iOS_w1Tests */ = {
			isa = PBXGroup;
			children = (
				03050AA8207532E900B7756B /* iOS_w1Tests.swift */,
				03050AAA207532E900B7756B /* Info.plist */,
			);
			path = iOS_w1Tests;
			sourceTree = "<group>";
		};
		03050AB2207532E900B7756B /* iOS_w1UITests */ = {
			isa = PBXGroup;
			children = (
				03050AB3207532E900B7756B /* iOS_w1UITests.swift */,
				03050AB5207532E900B7756B /* Info.plist */,
			);
			path = iOS_w1UITests;
			sourceTree = "<group>";
		};
		03050ACF207CF23700B7756B /* Frameworks */ = {
			isa = PBXGroup;
			children = (
				03050AD0207CF23700B7756B /* MapKit.framework */,
			);
			name = Frameworks;
			sourceTree = "<group>";
		};
/* End PBXGroup section */

/* Begin PBXNativeTarget section */
		03050A8F207532E700B7756B /* iOS_w1 */ = {
			isa = PBXNativeTarget;
			buildConfigurationList = 03050AB8207532E900B7756B /* Build configuration list for PBXNativeTarget "iOS_w1" */;
			buildPhases = (
				03050A8C207532E700B7756B /* Sources */,
				03050A8D207532E700B7756B /* Frameworks */,
				03050A8E207532E700B7756B /* Resources */,
			);
			buildRules = (
			);
			dependencies = (
			);
			name = iOS_w1;
			productName = iOS_w1;
			productReference = 03050A90207532E700B7756B /* iOS_w1.app */;
			productType = "com.apple.product-type.application";
		};
		03050AA3207532E900B7756B /* iOS_w1Tests */ = {
			isa = PBXNativeTarget;
			buildConfigurationList = 03050ABB207532E900B7756B /* Build configuration list for PBXNativeTarget "iOS_w1Tests" */;
			buildPhases = (
				03050AA0207532E900B7756B /* Sources */,
				03050AA1207532E900B7756B /* Frameworks */,
				03050AA2207532E900B7756B /* Resources */,
			);
			buildRules = (
			);
			dependencies = (
				03050AA6207532E900B7756B /* PBXTargetDependency */,
			);
			name = iOS_w1Tests;
			productName = iOS_w1Tests;
			productReference = 03050AA4207532E900B7756B /* iOS_w1Tests.xctest */;
			productType = "com.apple.product-type.bundle.unit-test";
		};
		03050AAE207532E900B7756B /* iOS_w1UITests */ = {
			isa = PBXNativeTarget;
			buildConfigurationList = 03050ABE207532E900B7756B /* Build configuration list for PBXNativeTarget "iOS_w1UITests" */;
			buildPhases = (
				03050AAB207532E900B7756B /* Sources */,
				03050AAC207532E900B7756B /* Frameworks */,
				03050AAD207532E900B7756B /* Resources */,
			);
			buildRules = (
			);
			dependencies = (
				03050AB1207532E900B7756B /* PBXTargetDependency */,
			);
			name = iOS_w1UITests;
			productName = iOS_w1UITests;
			productReference = 03050AAF207532E900B7756B /* iOS_w1UITests.xctest */;
			productType = "com.apple.product-type.bundle.ui-testing";
		};
/* End PBXNativeTarget section */

/* Begin PBXProject section */
		03050A88207532E700B7756B /* Project object */ = {
			isa = PBXProject;
			attributes = {
				LastSwiftUpdateCheck = 0930;
				LastUpgradeCheck = 0930;
				ORGANIZATIONNAME = "Robin Vinck";
				TargetAttributes = {
					03050A8F207532E700B7756B = {
						CreatedOnToolsVersion = 9.3;
						SystemCapabilities = {
							com.apple.Maps.iOS = {
								enabled = 1;
							};
						};
					};
					03050AA3207532E900B7756B = {
						CreatedOnToolsVersion = 9.3;
						TestTargetID = 03050A8F207532E700B7756B;
					};
					03050AAE207532E900B7756B = {
						CreatedOnToolsVersion = 9.3;
						TestTargetID = 03050A8F207532E700B7756B;
					};
				};
			};
			buildConfigurationList = 03050A8B207532E700B7756B /* Build configuration list for PBXProject "iOS_w1" */;
			compatibilityVersion = "Xcode 9.3";
			developmentRegion = en;
			hasScannedForEncodings = 0;
			knownRegions = (
				en,
				Base,
			);
			mainGroup = 03050A87207532E700B7756B;
			productRefGroup = 03050A91207532E700B7756B /* Products */;
			projectDirPath = "";
			projectRoot = "";
			targets = (
				03050A8F207532E700B7756B /* iOS_w1 */,
				03050AA3207532E900B7756B /* iOS_w1Tests */,
				03050AAE207532E900B7756B /* iOS_w1UITests */,
			);
		};
/* End PBXProject section */

/* Begin PBXResourcesBuildPhase section */
		03050A8E207532E700B7756B /* Resources */ = {
			isa = PBXResourcesBuildPhase;
			buildActionMask = 2147483647;
			files = (
				03050A9E207532E900B7756B /* LaunchScreen.storyboard in Resources */,
				03050A9B207532E900B7756B /* Assets.xcassets in Resources */,
				03050A99207532E700B7756B /* Main.storyboard in Resources */,
			);
			runOnlyForDeploymentPostprocessing = 0;
		};
		03050AA2207532E900B7756B /* Resources */ = {
			isa = PBXResourcesBuildPhase;
			buildActionMask = 2147483647;
			files = (
			);
			runOnlyForDeploymentPostprocessing = 0;
		};
		03050AAD207532E900B7756B /* Resources */ = {
			isa = PBXResourcesBuildPhase;
			buildActionMask = 2147483647;
			files = (
			);
			runOnlyForDeploymentPostprocessing = 0;
		};
/* End PBXResourcesBuildPhase section */

/* Begin PBXSourcesBuildPhase section */
		03050A8C207532E700B7756B /* Sources */ = {
			isa = PBXSourcesBuildPhase;
			buildActionMask = 2147483647;
			files = (
				03050AD3207D120800B7756B /* Adres.swift in Sources */,
				03677E53209356510061CD1B /* toonIedereenVC.swift in Sources */,
				03050ACE207CE9B700B7756B /* PersoonViewController.swift in Sources */,
				03050AD5207D23BD00B7756B /* MyAnnotation.swift in Sources */,
				035E950720878FCF00208BCD /* ImageViewController.swift in Sources */,
				03050A94207532E700B7756B /* AppDelegate.swift in Sources */,
				03050AC22075332900B7756B /* Persoon.swift in Sources */,
				03050AC6207BCEFB00B7756B /* TableViewController.swift in Sources */,
			);
			runOnlyForDeploymentPostprocessing = 0;
		};
		03050AA0207532E900B7756B /* Sources */ = {
			isa = PBXSourcesBuildPhase;
			buildActionMask = 2147483647;
			files = (
				03050AA9207532E900B7756B /* iOS_w1Tests.swift in Sources */,
			);
			runOnlyForDeploymentPostprocessing = 0;
		};
		03050AAB207532E900B7756B /* Sources */ = {
			isa = PBXSourcesBuildPhase;
			buildActionMask = 2147483647;
			files = (
				03050AB4207532E900B7756B /* iOS_w1UITests.swift in Sources */,
			);
			runOnlyForDeploymentPostprocessing = 0;
		};
/* End PBXSourcesBuildPhase section */

/* Begin PBXTargetDependency section */
		03050AA6207532E900B7756B /* PBXTargetDependency */ = {
			isa = PBXTargetDependency;
			target = 03050A8F207532E700B7756B /* iOS_w1 */;
			targetProxy = 03050AA5207532E900B7756B /* PBXContainerItemProxy */;
		};
		03050AB1207532E900B7756B /* PBXTargetDependency */ = {
			isa = PBXTargetDependency;
			target = 03050A8F207532E700B7756B /* iOS_w1 */;
			targetProxy = 03050AB0207532E900B7756B /* PBXContainerItemProxy */;
		};
/* End PBXTargetDependency section */

/* Begin PBXVariantGroup section */
		03050A97207532E700B7756B /* Main.storyboard */ = {
			isa = PBXVariantGroup;
			children = (
				03050A98207532E700B7756B /* Base */,
			);
			name = Main.storyboard;
			sourceTree = "<group>";
		};
		03050A9C207532E900B7756B /* LaunchScreen.storyboard */ = {
			isa = PBXVariantGroup;
			children = (
				03050A9D207532E900B7756B /* Base */,
			);
			name = LaunchScreen.storyboard;
			sourceTree = "<group>";
		};
/* End PBXVariantGroup section */

/* Begin XCBuildConfiguration section */
		03050AB6207532E900B7756B /* Debug */ = {
			isa = XCBuildConfiguration;
			buildSettings = {
				ALWAYS_SEARCH_USER_PATHS = NO;
				CLANG_ANALYZER_NONNULL = YES;
				CLANG_ANALYZER_NUMBER_OBJECT_CONVERSION = YES_AGGRESSIVE;
				CLANG_CXX_LANGUAGE_STANDARD = "gnu++14";
				CLANG_CXX_LIBRARY = "libc++";
				CLANG_ENABLE_MODULES = YES;
				CLANG_ENABLE_OBJC_ARC = YES;
				CLANG_ENABLE_OBJC_WEAK = YES;
				CLANG_WARN_BLOCK_CAPTURE_AUTORELEASING = YES;
				CLANG_WARN_BOOL_CONVERSION = YES;
				CLANG_WARN_COMMA = YES;
				CLANG_WARN_CONSTANT_CONVERSION = YES;
				CLANG_WARN_DEPRECATED_OBJC_IMPLEMENTATIONS = YES;
				CLANG_WARN_DIRECT_OBJC_ISA_USAGE = YES_ERROR;
				CLANG_WARN_DOCUMENTATION_COMMENTS = YES;
				CLANG_WARN_EMPTY_BODY = YES;
				CLANG_WARN_ENUM_CONVERSION = YES;
				CLANG_WARN_INFINITE_RECURSION = YES;
				CLANG_WARN_INT_CONVERSION = YES;
				CLANG_WARN_NON_LITERAL_NULL_CONVERSION = YES;
				CLANG_WARN_OBJC_IMPLICIT_RETAIN_SELF = YES;
				CLANG_WARN_OBJC_LITERAL_CONVERSION = YES;
				CLANG_WARN_OBJC_ROOT_CLASS = YES_ERROR;
				CLANG_WARN_RANGE_LOOP_ANALYSIS = YES;
				CLANG_WARN_STRICT_PROTOTYPES = YES;
				CLANG_WARN_SUSPICIOUS_MOVE = YES;
				CLANG_WARN_UNGUARDED_AVAILABILITY = YES_AGGRESSIVE;
				CLANG_WARN_UNREACHABLE_CODE = YES;
				CLANG_WARN__DUPLICATE_METHOD_MATCH = YES;
				CODE_SIGN_IDENTITY = "iPhone Developer";
				COPY_PHASE_STRIP = NO;
				DEBUG_INFORMATION_FORMAT = dwarf;
				ENABLE_STRICT_OBJC_MSGSEND = YES;
				ENABLE_TESTABILITY = YES;
				GCC_C_LANGUAGE_STANDARD = gnu11;
				GCC_DYNAMIC_NO_PIC = NO;
				GCC_NO_COMMON_BLOCKS = YES;
				GCC_OPTIMIZATION_LEVEL = 0;
				GCC_PREPROCESSOR_DEFINITIONS = (
					"DEBUG=1",
					"$(inherited)",
				);
				GCC_WARN_64_TO_32_BIT_CONVERSION = YES;
				GCC_WARN_ABOUT_RETURN_TYPE = YES_ERROR;
				GCC_WARN_UNDECLARED_SELECTOR = YES;
				GCC_WARN_UNINITIALIZED_AUTOS = YES_AGGRESSIVE;
				GCC_WARN_UNUSED_FUNCTION = YES;
				GCC_WARN_UNUSED_VARIABLE = YES;
				IPHONEOS_DEPLOYMENT_TARGET = 11.3;
				MTL_ENABLE_DEBUG_INFO = YES;
				ONLY_ACTIVE_ARCH = YES;
				SDKROOT = iphoneos;
				SWIFT_ACTIVE_COMPILATION_CONDITIONS = DEBUG;
				SWIFT_OPTIMIZATION_LEVEL = "-Onone";
			};
			name = Debug;
		};
		03050AB7207532E900B7756B /* Release */ = {
			isa = XCBuildConfiguration;
			buildSettings = {
				ALWAYS_SEARCH_USER_PATHS = NO;
				CLANG_ANALYZER_NONNULL = YES;
				CLANG_ANALYZER_NUMBER_OBJECT_CONVERSION = YES_AGGRESSIVE;
				CLANG_CXX_LANGUAGE_STANDARD = "gnu++14";
				CLANG_CXX_LIBRARY = "libc++";
				CLANG_ENABLE_MODULES = YES;
				CLANG_ENABLE_OBJC_ARC = YES;
				CLANG_ENABLE_OBJC_WEAK = YES;
				CLANG_WARN_BLOCK_CAPTURE_AUTORELEASING = YES;
				CLANG_WARN_BOOL_CONVERSION = YES;
				CLANG_WARN_COMMA = YES;
				CLANG_WARN_CONSTANT_CONVERSION = YES;
				CLANG_WARN_DEPRECATED_OBJC_IMPLEMENTATIONS = YES;
				CLANG_WARN_DIRECT_OBJC_ISA_USAGE = YES_ERROR;
				CLANG_WARN_DOCUMENTATION_COMMENTS = YES;
				CLANG_WARN_EMPTY_BODY = YES;
				CLANG_WARN_ENUM_CONVERSION = YES;
				CLANG_WARN_INFINITE_RECURSION = YES;
				CLANG_WARN_INT_CONVERSION = YES;
				CLANG_WARN_NON_LITERAL_NULL_CONVERSION = YES;
				CLANG_WARN_OBJC_IMPLICIT_RETAIN_SELF = YES;
				CLANG_WARN_OBJC_LITERAL_CONVERSION = YES;
				CLANG_WARN_OBJC_ROOT_CLASS = YES_ERROR;
				CLANG_WARN_RANGE_LOOP_ANALYSIS = YES;
				CLANG_WARN_STRICT_PROTOTYPES = YES;
				CLANG_WARN_SUSPICIOUS_MOVE = YES;
				CLANG_WARN_UNGUARDED_AVAILABILITY = YES_AGGRESSIVE;
				CLANG_WARN_UNREACHABLE_CODE = YES;
				CLANG_WARN__DUPLICATE_METHOD_MATCH = YES;
				CODE_SIGN_IDENTITY = "iPhone Developer";
				COPY_PHASE_STRIP = NO;
				DEBUG_INFORMATION_FORMAT = "dwarf-with-dsym";
				ENABLE_NS_ASSERTIONS = NO;
				ENABLE_STRICT_OBJC_MSGSEND = YES;
				GCC_C_LANGUAGE_STANDARD = gnu11;
				GCC_NO_COMMON_BLOCKS = YES;
				GCC_WARN_64_TO_32_BIT_CONVERSION = YES;
				GCC_WARN_ABOUT_RETURN_TYPE = YES_ERROR;
				GCC_WARN_UNDECLARED_SELECTOR = YES;
				GCC_WARN_UNINITIALIZED_AUTOS = YES_AGGRESSIVE;
				GCC_WARN_UNUSED_FUNCTION = YES;
				GCC_WARN_UNUSED_VARIABLE = YES;
				IPHONEOS_DEPLOYMENT_TARGET = 11.3;
				MTL_ENABLE_DEBUG_INFO = NO;
				SDKROOT = iphoneos;
				SWIFT_COMPILATION_MODE = wholemodule;
				SWIFT_OPTIMIZATION_LEVEL = "-O";
				VALIDATE_PRODUCT = YES;
			};
			name = Release;
		};
		03050AB9207532E900B7756B /* Debug */ = {
			isa = XCBuildConfiguration;
			buildSettings = {
				ASSETCATALOG_COMPILER_APPICON_NAME = AppIcon;
				CODE_SIGN_STYLE = Automatic;
				DEVELOPMENT_TEAM = 56M8PK6W59;
				INFOPLIST_FILE = iOS_w1/Info.plist;
				LD_RUNPATH_SEARCH_PATHS = (
					"$(inherited)",
					"@executable_path/Frameworks",
				);
				PRODUCT_BUNDLE_IDENTIFIER = "robin.iOS-w1";
				PRODUCT_NAME = "$(TARGET_NAME)";
				SWIFT_VERSION = 4.0;
				TARGETED_DEVICE_FAMILY = "1,2";
			};
			name = Debug;
		};
		03050ABA207532E900B7756B /* Release */ = {
			isa = XCBuildConfiguration;
			buildSettings = {
				ASSETCATALOG_COMPILER_APPICON_NAME = AppIcon;
				CODE_SIGN_STYLE = Automatic;
				DEVELOPMENT_TEAM = 56M8PK6W59;
				INFOPLIST_FILE = iOS_w1/Info.plist;
				LD_RUNPATH_SEARCH_PATHS = (
					"$(inherited)",
					"@executable_path/Frameworks",
				);
				PRODUCT_BUNDLE_IDENTIFIER = "robin.iOS-w1";
				PRODUCT_NAME = "$(TARGET_NAME)";
				SWIFT_VERSION = 4.0;
				TARGETED_DEVICE_FAMILY = "1,2";
			};
			name = Release;
		};
		03050ABC207532E900B7756B /* Debug */ = {
			isa = XCBuildConfiguration;
			buildSettings = {
				ALWAYS_EMBED_SWIFT_STANDARD_LIBRARIES = YES;
				BUNDLE_LOADER = "$(TEST_HOST)";
				CODE_SIGN_STYLE = Automatic;
				DEVELOPMENT_TEAM = 56M8PK6W59;
				INFOPLIST_FILE = iOS_w1Tests/Info.plist;
				LD_RUNPATH_SEARCH_PATHS = (
					"$(inherited)",
					"@executable_path/Frameworks",
					"@loader_path/Frameworks",
				);
				PRODUCT_BUNDLE_IDENTIFIER = "robin.iOS-w1Tests";
				PRODUCT_NAME = "$(TARGET_NAME)";
				SWIFT_VERSION = 4.0;
				TARGETED_DEVICE_FAMILY = "1,2";
				TEST_HOST = "$(BUILT_PRODUCTS_DIR)/iOS_w1.app/iOS_w1";
			};
			name = Debug;
		};
		03050ABD207532E900B7756B /* Release */ = {
			isa = XCBuildConfiguration;
			buildSettings = {
				ALWAYS_EMBED_SWIFT_STANDARD_LIBRARIES = YES;
				BUNDLE_LOADER = "$(TEST_HOST)";
				CODE_SIGN_STYLE = Automatic;
				DEVELOPMENT_TEAM = 56M8PK6W59;
				INFOPLIST_FILE = iOS_w1Tests/Info.plist;
				LD_RUNPATH_SEARCH_PATHS = (
					"$(inherited)",
					"@executable_path/Frameworks",
					"@loader_path/Frameworks",
				);
				PRODUCT_BUNDLE_IDENTIFIER = "robin.iOS-w1Tests";
				PRODUCT_NAME = "$(TARGET_NAME)";
				SWIFT_VERSION = 4.0;
				TARGETED_DEVICE_FAMILY = "1,2";
				TEST_HOST = "$(BUILT_PRODUCTS_DIR)/iOS_w1.app/iOS_w1";
			};
			name = Release;
		};
		03050ABF207532E900B7756B /* Debug */ = {
			isa = XCBuildConfiguration;
			buildSettings = {
				ALWAYS_EMBED_SWIFT_STANDARD_LIBRARIES = YES;
				CODE_SIGN_STYLE = Automatic;
				DEVELOPMENT_TEAM = 56M8PK6W59;
				INFOPLIST_FILE = iOS_w1UITests/Info.plist;
				LD_RUNPATH_SEARCH_PATHS = (
					"$(inherited)",
					"@executable_path/Frameworks",
					"@loader_path/Frameworks",
				);
				PRODUCT_BUNDLE_IDENTIFIER = "robin.iOS-w1UITests";
				PRODUCT_NAME = "$(TARGET_NAME)";
				SWIFT_VERSION = 4.0;
				TARGETED_DEVICE_FAMILY = "1,2";
				TEST_TARGET_NAME = iOS_w1;
			};
			name = Debug;
		};
		03050AC0207532E900B7756B /* Release */ = {
			isa = XCBuildConfiguration;
			buildSettings = {
				ALWAYS_EMBED_SWIFT_STANDARD_LIBRARIES = YES;
				CODE_SIGN_STYLE = Automatic;
				DEVELOPMENT_TEAM = 56M8PK6W59;
				INFOPLIST_FILE = iOS_w1UITests/Info.plist;
				LD_RUNPATH_SEARCH_PATHS = (
					"$(inherited)",
					"@executable_path/Frameworks",
					"@loader_path/Frameworks",
				);
				PRODUCT_BUNDLE_IDENTIFIER = "robin.iOS-w1UITests";
				PRODUCT_NAME = "$(TARGET_NAME)";
				SWIFT_VERSION = 4.0;
				TARGETED_DEVICE_FAMILY = "1,2";
				TEST_TARGET_NAME = iOS_w1;
			};
			name = Release;
		};
/* End XCBuildConfiguration section */

/* Begin XCConfigurationList section */
		03050A8B207532E700B7756B /* Build configuration list for PBXProject "iOS_w1" */ = {
			isa = XCConfigurationList;
			buildConfigurations = (
				03050AB6207532E900B7756B /* Debug */,
				03050AB7207532E900B7756B /* Release */,
			);
			defaultConfigurationIsVisible = 0;
			defaultConfigurationName = Release;
		};
		03050AB8207532E900B7756B /* Build configuration list for PBXNativeTarget "iOS_w1" */ = {
			isa = XCConfigurationList;
			buildConfigurations = (
				03050AB9207532E900B7756B /* Debug */,
				03050ABA207532E900B7756B /* Release */,
			);
			defaultConfigurationIsVisible = 0;
			defaultConfigurationName = Release;
		};
		03050ABB207532E900B7756B /* Build configuration list for PBXNativeTarget "iOS_w1Tests" */ = {
			isa = XCConfigurationList;
			buildConfigurations = (
				03050ABC207532E900B7756B /* Debug */,
				03050ABD207532E900B7756B /* Release */,
			);
			defaultConfigurationIsVisible = 0;
			defaultConfigurationName = Release;
		};
		03050ABE207532E900B7756B /* Build configuration list for PBXNativeTarget "iOS_w1UITests" */ = {
			isa = XCConfigurationList;
			buildConfigurations = (
				03050ABF207532E900B7756B /* Debug */,
				03050AC0207532E900B7756B /* Release */,
			);
			defaultConfigurationIsVisible = 0;
			defaultConfigurationName = Release;
		};
/* End XCConfigurationList section */
	};
	rootObject = 03050A88207532E700B7756B /* Project object */;
}
